<?xml version="1.0" encoding="utf-8"?>
<Project ToolsVersion="4.0" xmlns="http://schemas.microsoft.com/developer/msbuild/2003">
  <ItemGroup>
    <Filter Include="Source Files">
      <UniqueIdentifier>{4FC737F1-C7A5-4376-A066-2A32D752A2FF}</UniqueIdentifier>
      <Extensions>cpp;c;cc;cxx;def;odl;idl;hpj;bat;asm;asmx</Extensions>
    </Filter>
    <Filter Include="Header Files">
      <UniqueIdentifier>{93995380-89BD-4b04-88EB-625FBE52EBFB}</UniqueIdentifier>
      <Extensions>h;hh;hpp;hxx;hm;inl;inc;ipp;xsd</Extensions>
    </Filter>
    <Filter Include="Resource Files">
      <UniqueIdentifier>{67DA6AB6-F800-4c08-8B7A-83BB121AAD01}</UniqueIdentifier>
      <Extensions>rc;ico;cur;bmp;dlg;rc2;rct;bin;rgs;gif;jpg;jpeg;jpe;resx;tiff;tif;png;wav;mfcribbon-ms</Extensions>
    </Filter>
    <Filter Include="Source Files\base">
      <UniqueIdentifier>{c5dece37-8a74-4f89-b339-0188d701140d}</UniqueIdentifier>
    </Filter>
    <Filter Include="Source Files\data">
      <UniqueIdentifier>{ec573eaa-4114-4b66-8cb3-f4148cc1c481}</UniqueIdentifier>
    </Filter>
    <Filter Include="Source Files\shaders">
      <UniqueIdentifier>{d945a962-1597-4e0a-9772-1766e68a849c}</UniqueIdentifier>
    </Filter>
    <Filter Include="Source Files\primitives">
      <UniqueIdentifier>{36d6b0c0-c25f-4f8c-bf15-b0687bb07d2a}</UniqueIdentifier>
    </Filter>
    <Filter Include="Source Files\textures">
      <UniqueIdentifier>{94988e3d-354d-4f81-b165-6453ceb56bab}</UniqueIdentifier>
    </Filter>
    <Filter Include="Source Files\engine">
      <UniqueIdentifier>{51a8df98-53c7-4f67-a021-5c7590b56ad5}</UniqueIdentifier>
    </Filter>
    <Filter Include="Source Files\autorelease">
      <UniqueIdentifier>{79d8c4dd-4c6e-4a29-b095-5384be042c40}</UniqueIdentifier>
    </Filter>
    <Filter Include="Source Files\nodes">
      <UniqueIdentifier>{5f8d9951-3a7b-407c-a07f-e7b41970c0f7}</UniqueIdentifier>
    </Filter>
    <Filter Include="Source Files\render">
      <UniqueIdentifier>{6f550add-cb65-42a5-b218-d3f1a0a5ddfa}</UniqueIdentifier>
    </Filter>
  </ItemGroup>
  <ItemGroup>
    <ClCompile Include="..\classes\main.cpp">
      <Filter>Source Files</Filter>
    </ClCompile>
    <ClCompile Include="..\classes\FileUtils.cpp">
      <Filter>Source Files\data</Filter>
    </ClCompile>
    <ClCompile Include="..\classes\ResourcesManager.cpp">
      <Filter>Source Files\data</Filter>
    </ClCompile>
    <ClCompile Include="..\classes\ShaderProgram.cpp">
      <Filter>Source Files\shaders</Filter>
    </ClCompile>
    <ClCompile Include="..\classes\Rectangle.cpp">
      <Filter>Source Files\primitives</Filter>
    </ClCompile>
    <ClCompile Include="..\classes\Primitive.cpp">
      <Filter>Source Files\primitives</Filter>
    </ClCompile>
    <ClCompile Include="..\classes\VECommon.cpp">
      <Filter>Source Files\base</Filter>
    </ClCompile>
    <ClCompile Include="..\classes\Line.cpp">
      <Filter>Source Files\primitives</Filter>
    </ClCompile>
    <ClCompile Include="..\classes\Point.cpp">
      <Filter>Source Files\primitives</Filter>
    </ClCompile>
    <ClCompile Include="..\classes\Triangle.cpp">
      <Filter>Source Files\primitives</Filter>
    </ClCompile>
    <ClCompile Include="..\classes\Texture2D.cpp">
      <Filter>Source Files\textures</Filter>
    </ClCompile>
    <ClCompile Include="..\classes\AutoRelesaePool.cpp">
      <Filter>Source Files\autorelease</Filter>
    </ClCompile>
    <ClCompile Include="..\classes\Ref.cpp">
      <Filter>Source Files\autorelease</Filter>
    </ClCompile>
    <ClCompile Include="..\classes\Node.cpp">
      <Filter>Source Files\nodes</Filter>
    </ClCompile>
    <ClCompile Include="..\classes\GLRender.cpp">
      <Filter>Source Files\render</Filter>
    </ClCompile>
  </ItemGroup>
  <ItemGroup>
    <ClInclude Include="..\classes\VECommon.h">
      <Filter>Source Files\base</Filter>
    </ClInclude>
    <ClInclude Include="..\classes\FileUtils.h">
      <Filter>Source Files\data</Filter>
    </ClInclude>
    <ClInclude Include="..\classes\ResourcesManager.h">
      <Filter>Source Files\data</Filter>
    </ClInclude>
    <ClInclude Include="..\classes\ShaderProgram.h">
      <Filter>Source Files\shaders</Filter>
    </ClInclude>
    <ClInclude Include="..\classes\Rectangle.h">
      <Filter>Source Files\primitives</Filter>
    </ClInclude>
    <ClInclude Include="..\classes\Primitive.h">
      <Filter>Source Files\primitives</Filter>
    </ClInclude>
    <ClInclude Include="..\classes\Line.h">
      <Filter>Source Files\primitives</Filter>
    </ClInclude>
    <ClInclude Include="..\classes\Point.h">
      <Filter>Source Files\primitives</Filter>
    </ClInclude>
    <ClInclude Include="..\classes\Triangle.h">
      <Filter>Source Files\primitives</Filter>
    </ClInclude>
    <ClInclude Include="..\classes\Texture2D.h">
      <Filter>Source Files\textures</Filter>
    </ClInclude>
    <ClInclude Include="..\classes\AutoRelesaePool.h">
      <Filter>Source Files\autorelease</Filter>
    </ClInclude>
    <ClInclude Include="..\classes\Ref.h">
      <Filter>Source Files\autorelease</Filter>
    </ClInclude>
    <ClInclude Include="..\classes\Node.h">
      <Filter>Source Files\nodes</Filter>
    </ClInclude>
    <ClInclude Include="..\classes\GLRender.h">
      <Filter>Source Files\render</Filter>
    </ClInclude>
  </ItemGroup>
</Project>